
Microsoft Visual Studio Solution File, Format Version 12.00
# Visual Studio Version 16
VisualStudioVersion = 16.0.29613.14
MinimumVisualStudioVersion = 10.0.40219.1
Project("{FAE04EC0-301F-11D3-BF4B-00C04F79EFBC}") = "hackathon(sms)", "hackathon(sms)\hackathon(sms).csproj", "{E8E32489-9B62-4EED-A8AA-1A8FF769A558}"
EndProject
Global
	GlobalSection(SolutionConfigurationPlatforms) = preSolution
		Debug|Any CPU = Debug|Any CPU
		Release|Any CPU = Release|Any CPU
	EndGlobalSection
	GlobalSection(ProjectConfigurationPlatforms) = postSolution
		{E8E32489-9B62-4EED-A8AA-1A8FF769A558}.Debug|Any CPU.ActiveCfg = Debug|Any CPU
		{E8E32489-9B62-4EED-A8AA-1A8FF769A558}.Debug|Any CPU.Build.0 = Debug|Any CPU
		{E8E32489-9B62-4EED-A8AA-1A8FF769A558}.Release|Any CPU.ActiveCfg = Release|Any CPU
		{E8E32489-9B62-4EED-A8AA-1A8FF769A558}.Release|Any CPU.Build.0 = Release|Any CPU
	EndGlobalSection
	GlobalSection(SolutionProperties) = preSolution
		HideSolutionNode = FALSE
	EndGlobalSection
	GlobalSection(ExtensibilityGlobals) = postSolution
		SolutionGuid = {11342795-CAFF-4D5C-96DE-8B92600D8AFC}
	EndGlobalSection
EndGlobal
